
Microsoft Visual Studio Solution File, Format Version 12.00
# Visual Studio Version 16
VisualStudioVersion = 16.0.29509.3
MinimumVisualStudioVersion = 10.0.40219.1
Project("{FAE04EC0-301F-11D3-BF4B-00C04F79EFBC}") = "Tweetbook", "Tweetbook\Tweetbook.csproj", "{09400682-541C-44F8-98BE-2DBD54BFF3E3}"
EndProject
Project("{FAE04EC0-301F-11D3-BF4B-00C04F79EFBC}") = "Tweetbook.IntegrationTests", "Tweetbook.IntegrationTests\Tweetbook.IntegrationTests.csproj", "{0541DEB1-603D-4BDE-94D3-67FF935AFAAA}"
EndProject
Project("{FAE04EC0-301F-11D3-BF4B-00C04F79EFBC}") = "Tweetbook.UnitTests", "Tweetbook.UnitTests\Tweetbook.UnitTests.csproj", "{803685A8-B3CF-4F68-90CC-5948910E3985}"
EndProject
Global
	GlobalSection(SolutionConfigurationPlatforms) = preSolution
		Debug|Any CPU = Debug|Any CPU
		Release|Any CPU = Release|Any CPU
	EndGlobalSection
	GlobalSection(ProjectConfigurationPlatforms) = postSolution
		{09400682-541C-44F8-98BE-2DBD54BFF3E3}.Debug|Any CPU.ActiveCfg = Debug|Any CPU
		{09400682-541C-44F8-98BE-2DBD54BFF3E3}.Debug|Any CPU.Build.0 = Debug|Any CPU
		{09400682-541C-44F8-98BE-2DBD54BFF3E3}.Release|Any CPU.ActiveCfg = Release|Any CPU
		{09400682-541C-44F8-98BE-2DBD54BFF3E3}.Release|Any CPU.Build.0 = Release|Any CPU
		{0541DEB1-603D-4BDE-94D3-67FF935AFAAA}.Debug|Any CPU.ActiveCfg = Debug|Any CPU
		{0541DEB1-603D-4BDE-94D3-67FF935AFAAA}.Debug|Any CPU.Build.0 = Debug|Any CPU
		{0541DEB1-603D-4BDE-94D3-67FF935AFAAA}.Release|Any CPU.ActiveCfg = Release|Any CPU
		{0541DEB1-603D-4BDE-94D3-67FF935AFAAA}.Release|Any CPU.Build.0 = Release|Any CPU
		{803685A8-B3CF-4F68-90CC-5948910E3985}.Debug|Any CPU.ActiveCfg = Debug|Any CPU
		{803685A8-B3CF-4F68-90CC-5948910E3985}.Debug|Any CPU.Build.0 = Debug|Any CPU
		{803685A8-B3CF-4F68-90CC-5948910E3985}.Release|Any CPU.ActiveCfg = Release|Any CPU
		{803685A8-B3CF-4F68-90CC-5948910E3985}.Release|Any CPU.Build.0 = Release|Any CPU
	EndGlobalSection
	GlobalSection(SolutionProperties) = preSolution
		HideSolutionNode = FALSE
	EndGlobalSection
	GlobalSection(ExtensibilityGlobals) = postSolution
		SolutionGuid = {6351B013-9609-42FB-9A3A-D6F2F0F94340}
	EndGlobalSection
EndGlobal
